PODS:
  - SDK (1.0.0)

DEPENDENCIES:
  - SDK (from `/Users/phamphilong/Desktop/githubTy/Halome-SDK-Andoird/releases/ios/1.0.0`)

EXTERNAL SOURCES:
  SDK:
    :path: "/Users/phamphilong/Desktop/githubTy/Halome-SDK-Andoird/releases/ios/1.0.0"

SPEC CHECKSUMS:
  SDK: 1f386c82f9b003f123165062b4193eebb8d6cba7

PODFILE CHECKSUM: 02d3f6e427a9fa60f7b977c64924ba2d6dc2e382

COCOAPODS: 1.11.3
